<?xml version="1.0" encoding="utf-8"?>
<Project ToolsVersion="4.0" xmlns="http://schemas.microsoft.com/developer/msbuild/2003">
  <ItemGroup>
    <Filter Include="Main">
      <UniqueIdentifier>{01693171-da4f-4b19-ac43-8332b300d10d}</UniqueIdentifier>
    </Filter>
    <Filter Include="Utils">
      <UniqueIdentifier>{b440b2a7-b155-4a2b-b4a8-a7fb52c58178}</UniqueIdentifier>
    </Filter>
    <Filter Include="Theory">
      <UniqueIdentifier>{a177daa2-04d8-492d-a4de-1ff2a32e1dc6}</UniqueIdentifier>
    </Filter>
    <Filter Include="Theory\3_Dead_Theory">
      <UniqueIdentifier>{4f1af692-897f-4194-8bd7-93ae2a6b4fa1}</UniqueIdentifier>
    </Filter>
  </ItemGroup>
  <ItemGroup>
    <ClCompile Include="GameServer.cpp">
      <Filter>Main</Filter>
    </ClCompile>
    <ClCompile Include="pch.cpp">
      <Filter>Utils</Filter>
    </ClCompile>
    <ClCompile Include="0_Thread_Theory.cpp">
      <Filter>Theory</Filter>
    </ClCompile>
    <ClCompile Include="1_Atomic_Theory.cpp">
      <Filter>Theory</Filter>
    </ClCompile>
    <ClCompile Include="2_lock_Theory.cpp">
      <Filter>Theory</Filter>
    </ClCompile>
    <ClCompile Include="AccountManager.cpp">
      <Filter>Theory\3_Dead_Theory</Filter>
    </ClCompile>
    <ClCompile Include="UserManager.cpp">
      <Filter>Theory\3_Dead_Theory</Filter>
    </ClCompile>
    <ClCompile Include="3_DeadLock_Theory.cpp">
      <Filter>Theory\3_Dead_Theory</Filter>
    </ClCompile>
    <ClCompile Include="4_SpinLock_Theory.cpp">
      <Filter>Theory</Filter>
    </ClCompile>
    <ClCompile Include="5_Sleep_Theory.cpp">
      <Filter>Theory</Filter>
    </ClCompile>
    <ClCompile Include="6_Event_Theory.cpp">
      <Filter>Theory</Filter>
    </ClCompile>
    <ClCompile Include="7_ConditionVariable_Theory.cpp">
      <Filter>Theory</Filter>
    </ClCompile>
    <ClCompile Include="8_Future_Theory.cpp">
      <Filter>Theory</Filter>
    </ClCompile>
    <ClCompile Include="9_Cache_Theory.cpp">
      <Filter>Theory</Filter>
    </ClCompile>
    <ClCompile Include="10_CPU_PipeLine_Theory.cpp">
      <Filter>Theory</Filter>
    </ClCompile>
    <ClCompile Include="11_Memory_Model_Theory.cpp">
      <Filter>Theory</Filter>
    </ClCompile>
    <ClCompile Include="11_TLS_Theory.cpp">
      <Filter>Theory</Filter>
    </ClCompile>
  </ItemGroup>
  <ItemGroup>
    <ClInclude Include="pch.h">
      <Filter>Utils</Filter>
    </ClInclude>
    <ClInclude Include="AccountManager.h">
      <Filter>Theory\3_Dead_Theory</Filter>
    </ClInclude>
    <ClInclude Include="UserManager.h">
      <Filter>Theory\3_Dead_Theory</Filter>
    </ClInclude>
  </ItemGroup>
</Project>